# This file is automatically @generated by Poetry 1.6.1 and should not be changed by hand.

[[package]]
name = "find-libpython"
version = "0.3.0"
description = "Finds the libpython associated with your environment, wherever it may be hiding"
optional = false
python-versions = "*"
files = [
    {file = "find_libpython-0.3.0-py3-none-any.whl", hash = "sha256:93fa14c8d007a7f9e6b650a486e249b49f01fd8d45b83ecf080a78b1a7011214"},
    {file = "find_libpython-0.3.0.tar.gz", hash = "sha256:6e7fe5d9af7fad6dc066cb5515a0e9c90a71f1feb2bb2f8e4cdbb4f83276e9e5"},
]

[metadata]
lock-version = "2.0"
python-versions = "^3.10"
content-hash = "bfb46267fad8171200843b565d16618379fce31d8ae3d8e5f180981a0585abf2"
